
Microsoft Visual Studio Solution File, Format Version 12.00
# Visual Studio 15
VisualStudioVersion = 15.0.28307.572
MinimumVisualStudioVersion = 10.0.40219.1
Project("{FAE04EC0-301F-11D3-BF4B-00C04F79EFBC}") = "01-ByteBank", "01-ByteBank\01-ByteBank.csproj", "{C4B0A99A-0D7D-46F2-897A-C76B73EBDF9E}"
EndProject
Project("{FAE04EC0-301F-11D3-BF4B-00C04F79EFBC}") = "02-ByteBank", "02-ByteBank\02-ByteBank.csproj", "{6AF601CE-FB1D-4D63-84A7-6EBEDC8FFE44}"
EndProject
Project("{FAE04EC0-301F-11D3-BF4B-00C04F79EFBC}") = "03-ByteBank", "03-ByteBank\03-ByteBank.csproj", "{9EE6999D-14F6-4B84-A17E-3151A9C0B1C5}"
EndProject
Project("{FAE04EC0-301F-11D3-BF4B-00C04F79EFBC}") = "04-ByteBank", "04-ByteBank\04-ByteBank.csproj", "{3B72FBA3-0020-4ABA-9F2E-2C26058C9449}"
EndProject
Project("{FAE04EC0-301F-11D3-BF4B-00C04F79EFBC}") = "05-ByteBank", "05-ByteBank\05-ByteBank.csproj", "{C3E123C9-849B-4F31-B747-51DEE62B9A78}"
EndProject
Project("{FAE04EC0-301F-11D3-BF4B-00C04F79EFBC}") = "06-ByteBank", "06-ByteBank\06-ByteBank.csproj", "{8137C68C-1087-4220-9F45-56332C01F13B}"
EndProject
Project("{FAE04EC0-301F-11D3-BF4B-00C04F79EFBC}") = "07-ByteBank", "07-ByteBank\07-ByteBank.csproj", "{5944E0FD-7C96-47D4-9091-1FCA18FA8AC7}"
EndProject
Global
	GlobalSection(SolutionConfigurationPlatforms) = preSolution
		Debug|Any CPU = Debug|Any CPU
		Release|Any CPU = Release|Any CPU
	EndGlobalSection
	GlobalSection(ProjectConfigurationPlatforms) = postSolution
		{C4B0A99A-0D7D-46F2-897A-C76B73EBDF9E}.Debug|Any CPU.ActiveCfg = Debug|Any CPU
		{C4B0A99A-0D7D-46F2-897A-C76B73EBDF9E}.Debug|Any CPU.Build.0 = Debug|Any CPU
		{C4B0A99A-0D7D-46F2-897A-C76B73EBDF9E}.Release|Any CPU.ActiveCfg = Release|Any CPU
		{C4B0A99A-0D7D-46F2-897A-C76B73EBDF9E}.Release|Any CPU.Build.0 = Release|Any CPU
		{6AF601CE-FB1D-4D63-84A7-6EBEDC8FFE44}.Debug|Any CPU.ActiveCfg = Debug|Any CPU
		{6AF601CE-FB1D-4D63-84A7-6EBEDC8FFE44}.Debug|Any CPU.Build.0 = Debug|Any CPU
		{6AF601CE-FB1D-4D63-84A7-6EBEDC8FFE44}.Release|Any CPU.ActiveCfg = Release|Any CPU
		{6AF601CE-FB1D-4D63-84A7-6EBEDC8FFE44}.Release|Any CPU.Build.0 = Release|Any CPU
		{9EE6999D-14F6-4B84-A17E-3151A9C0B1C5}.Debug|Any CPU.ActiveCfg = Debug|Any CPU
		{9EE6999D-14F6-4B84-A17E-3151A9C0B1C5}.Debug|Any CPU.Build.0 = Debug|Any CPU
		{9EE6999D-14F6-4B84-A17E-3151A9C0B1C5}.Release|Any CPU.ActiveCfg = Release|Any CPU
		{9EE6999D-14F6-4B84-A17E-3151A9C0B1C5}.Release|Any CPU.Build.0 = Release|Any CPU
		{3B72FBA3-0020-4ABA-9F2E-2C26058C9449}.Debug|Any CPU.ActiveCfg = Debug|Any CPU
		{3B72FBA3-0020-4ABA-9F2E-2C26058C9449}.Debug|Any CPU.Build.0 = Debug|Any CPU
		{3B72FBA3-0020-4ABA-9F2E-2C26058C9449}.Release|Any CPU.ActiveCfg = Release|Any CPU
		{3B72FBA3-0020-4ABA-9F2E-2C26058C9449}.Release|Any CPU.Build.0 = Release|Any CPU
		{C3E123C9-849B-4F31-B747-51DEE62B9A78}.Debug|Any CPU.ActiveCfg = Debug|Any CPU
		{C3E123C9-849B-4F31-B747-51DEE62B9A78}.Debug|Any CPU.Build.0 = Debug|Any CPU
		{C3E123C9-849B-4F31-B747-51DEE62B9A78}.Release|Any CPU.ActiveCfg = Release|Any CPU
		{C3E123C9-849B-4F31-B747-51DEE62B9A78}.Release|Any CPU.Build.0 = Release|Any CPU
		{8137C68C-1087-4220-9F45-56332C01F13B}.Debug|Any CPU.ActiveCfg = Debug|Any CPU
		{8137C68C-1087-4220-9F45-56332C01F13B}.Debug|Any CPU.Build.0 = Debug|Any CPU
		{8137C68C-1087-4220-9F45-56332C01F13B}.Release|Any CPU.ActiveCfg = Release|Any CPU
		{8137C68C-1087-4220-9F45-56332C01F13B}.Release|Any CPU.Build.0 = Release|Any CPU
		{5944E0FD-7C96-47D4-9091-1FCA18FA8AC7}.Debug|Any CPU.ActiveCfg = Debug|Any CPU
		{5944E0FD-7C96-47D4-9091-1FCA18FA8AC7}.Debug|Any CPU.Build.0 = Debug|Any CPU
		{5944E0FD-7C96-47D4-9091-1FCA18FA8AC7}.Release|Any CPU.ActiveCfg = Release|Any CPU
		{5944E0FD-7C96-47D4-9091-1FCA18FA8AC7}.Release|Any CPU.Build.0 = Release|Any CPU
	EndGlobalSection
	GlobalSection(SolutionProperties) = preSolution
		HideSolutionNode = FALSE
	EndGlobalSection
	GlobalSection(ExtensibilityGlobals) = postSolution
		SolutionGuid = {E4C69CB4-07DB-40FA-9513-FC0CBC1F15A6}
	EndGlobalSection
EndGlobal
